
Microsoft Visual Studio Solution File, Format Version 12.00
# Visual Studio Version 17
VisualStudioVersion = 17.6.33829.357
MinimumVisualStudioVersion = 10.0.40219.1
Project("{FAE04EC0-301F-11D3-BF4B-00C04F79EFBC}") = "FinalProject", "FinalProject.csproj", "{84CC0B55-056E-4E48-8E62-6B440B96E187}"
EndProject
Global
	GlobalSection(SolutionConfigurationPlatforms) = preSolution
		Debug|Any CPU = Debug|Any CPU
		Release|Any CPU = Release|Any CPU
	EndGlobalSection
	GlobalSection(ProjectConfigurationPlatforms) = postSolution
		{84CC0B55-056E-4E48-8E62-6B440B96E187}.Debug|Any CPU.ActiveCfg = Debug|Any CPU
		{84CC0B55-056E-4E48-8E62-6B440B96E187}.Debug|Any CPU.Build.0 = Debug|Any CPU
		{84CC0B55-056E-4E48-8E62-6B440B96E187}.Release|Any CPU.ActiveCfg = Release|Any CPU
		{84CC0B55-056E-4E48-8E62-6B440B96E187}.Release|Any CPU.Build.0 = Release|Any CPU
	EndGlobalSection
	GlobalSection(SolutionProperties) = preSolution
		HideSolutionNode = FALSE
	EndGlobalSection
	GlobalSection(ExtensibilityGlobals) = postSolution
		SolutionGuid = {ADC98F20-26DD-449C-A651-41688ED7C233}
	EndGlobalSection
EndGlobal
